
Microsoft Visual Studio Solution File, Format Version 12.00
# Visual Studio Version 17
VisualStudioVersion = 17.1.32210.238
MinimumVisualStudioVersion = 10.0.40219.1
Project("{FAE04EC0-301F-11D3-BF4B-00C04F79EFBC}") = "Projekt", "Projekt\Projekt.csproj", "{235120E4-8FC3-4C20-84E2-43FF323BFC98}"
EndProject
Project("{FAE04EC0-301F-11D3-BF4B-00C04F79EFBC}") = "Test1", "Test1\Test1.csproj", "{061E8778-9C31-4BB2-8DE9-EC866F03B9F3}"
EndProject
Project("{FAE04EC0-301F-11D3-BF4B-00C04F79EFBC}") = "Test2", "Test2\Test2.csproj", "{140981E2-D42F-4BB1-93BB-08880C9B890A}"
EndProject
Global
	GlobalSection(SolutionConfigurationPlatforms) = preSolution
		Debug|Any CPU = Debug|Any CPU
		Release|Any CPU = Release|Any CPU
	EndGlobalSection
	GlobalSection(ProjectConfigurationPlatforms) = postSolution
		{235120E4-8FC3-4C20-84E2-43FF323BFC98}.Debug|Any CPU.ActiveCfg = Debug|Any CPU
		{235120E4-8FC3-4C20-84E2-43FF323BFC98}.Debug|Any CPU.Build.0 = Debug|Any CPU
		{235120E4-8FC3-4C20-84E2-43FF323BFC98}.Release|Any CPU.ActiveCfg = Release|Any CPU
		{235120E4-8FC3-4C20-84E2-43FF323BFC98}.Release|Any CPU.Build.0 = Release|Any CPU
		{061E8778-9C31-4BB2-8DE9-EC866F03B9F3}.Debug|Any CPU.ActiveCfg = Debug|Any CPU
		{061E8778-9C31-4BB2-8DE9-EC866F03B9F3}.Debug|Any CPU.Build.0 = Debug|Any CPU
		{061E8778-9C31-4BB2-8DE9-EC866F03B9F3}.Release|Any CPU.ActiveCfg = Release|Any CPU
		{061E8778-9C31-4BB2-8DE9-EC866F03B9F3}.Release|Any CPU.Build.0 = Release|Any CPU
		{140981E2-D42F-4BB1-93BB-08880C9B890A}.Debug|Any CPU.ActiveCfg = Debug|Any CPU
		{140981E2-D42F-4BB1-93BB-08880C9B890A}.Debug|Any CPU.Build.0 = Debug|Any CPU
		{140981E2-D42F-4BB1-93BB-08880C9B890A}.Release|Any CPU.ActiveCfg = Release|Any CPU
		{140981E2-D42F-4BB1-93BB-08880C9B890A}.Release|Any CPU.Build.0 = Release|Any CPU
	EndGlobalSection
	GlobalSection(SolutionProperties) = preSolution
		HideSolutionNode = FALSE
	EndGlobalSection
	GlobalSection(ExtensibilityGlobals) = postSolution
		SolutionGuid = {5F1F28E4-3CF5-4563-890B-59F33A929119}
	EndGlobalSection
EndGlobal
